
Microsoft Visual Studio Solution File, Format Version 12.00
# Visual Studio Version 16
VisualStudioVersion = 16.0.30717.126
MinimumVisualStudioVersion = 10.0.40219.1
Project("{8BC9CEB8-8B4A-11D0-8D11-00A0C91BC942}") = "GameBoyEmu", "GameBoyEmu\GameBoyEmu.vcxproj", "{9F221D45-416C-46CF-BEC3-B319FA01FC71}"
EndProject
Project("{8BC9CEB8-8B4A-11D0-8D11-00A0C91BC942}") = "gemu_tests", "gemu_tests\gemu_tests.vcxproj", "{EDBEA7F0-0C36-416D-BCF4-DF51E8F9E26A}"
EndProject
Global
	GlobalSection(SolutionConfigurationPlatforms) = preSolution
		Debug|x64 = Debug|x64
		Debug|x86 = Debug|x86
		Release|x64 = Release|x64
		Release|x86 = Release|x86
	EndGlobalSection
	GlobalSection(ProjectConfigurationPlatforms) = postSolution
		{9F221D45-416C-46CF-BEC3-B319FA01FC71}.Debug|x64.ActiveCfg = Debug|x64
		{9F221D45-416C-46CF-BEC3-B319FA01FC71}.Debug|x64.Build.0 = Debug|x64
		{9F221D45-416C-46CF-BEC3-B319FA01FC71}.Debug|x86.ActiveCfg = Debug|Win32
		{9F221D45-416C-46CF-BEC3-B319FA01FC71}.Debug|x86.Build.0 = Debug|Win32
		{9F221D45-416C-46CF-BEC3-B319FA01FC71}.Release|x64.ActiveCfg = Release|x64
		{9F221D45-416C-46CF-BEC3-B319FA01FC71}.Release|x64.Build.0 = Release|x64
		{9F221D45-416C-46CF-BEC3-B319FA01FC71}.Release|x86.ActiveCfg = Release|Win32
		{9F221D45-416C-46CF-BEC3-B319FA01FC71}.Release|x86.Build.0 = Release|Win32
		{EDBEA7F0-0C36-416D-BCF4-DF51E8F9E26A}.Debug|x64.ActiveCfg = Debug|x64
		{EDBEA7F0-0C36-416D-BCF4-DF51E8F9E26A}.Debug|x64.Build.0 = Debug|x64
		{EDBEA7F0-0C36-416D-BCF4-DF51E8F9E26A}.Debug|x86.ActiveCfg = Debug|Win32
		{EDBEA7F0-0C36-416D-BCF4-DF51E8F9E26A}.Debug|x86.Build.0 = Debug|Win32
		{EDBEA7F0-0C36-416D-BCF4-DF51E8F9E26A}.Release|x64.ActiveCfg = Release|x64
		{EDBEA7F0-0C36-416D-BCF4-DF51E8F9E26A}.Release|x64.Build.0 = Release|x64
		{EDBEA7F0-0C36-416D-BCF4-DF51E8F9E26A}.Release|x86.ActiveCfg = Release|Win32
		{EDBEA7F0-0C36-416D-BCF4-DF51E8F9E26A}.Release|x86.Build.0 = Release|Win32
	EndGlobalSection
	GlobalSection(SolutionProperties) = preSolution
		HideSolutionNode = FALSE
	EndGlobalSection
	GlobalSection(ExtensibilityGlobals) = postSolution
		SolutionGuid = {48FD098E-FFA1-47C0-8551-E776C715651B}
	EndGlobalSection
EndGlobal
